<?xml version="1.0" encoding="utf-8"?>
<Project ToolsVersion="4.0" xmlns="http://schemas.microsoft.com/developer/msbuild/2003">
  <ItemGroup>
    <Filter Include="Source Files">
      <UniqueIdentifier>{a61692a4-ced9-4dd1-9194-3cb5e00d5f59}</UniqueIdentifier>
      <Extensions>cpp;c;cxx;rc;def;r;odl;hpj;bat;for;f90</Extensions>
    </Filter>
    <Filter Include="Header Files">
      <UniqueIdentifier>{393929be-9c51-46a2-a1a9-cf12928f96a1}</UniqueIdentifier>
      <Extensions>h;hpp;hxx;hm;inl;fi;fd</Extensions>
    </Filter>
    <Filter Include="Resource Files">
      <UniqueIdentifier>{d1627995-726f-4b30-b3d2-2d406ddb52e2}</UniqueIdentifier>
      <Extensions>ico;cur;bmp;dlg;rc2;rct;bin;cnt;rtf;gif;jpg;jpeg;jpe</Extensions>
    </Filter>
  </ItemGroup>
  <ItemGroup>
    <ClCompile Include="png.c">
      <Filter>Source Files</Filter>
    </ClCompile>
    <ClCompile Include="pngerror.c">
      <Filter>Source Files</Filter>
    </ClCompile>
    <ClCompile Include="pngget.c">
      <Filter>Source Files</Filter>
    </ClCompile>
    <ClCompile Include="pngmem.c">
      <Filter>Source Files</Filter>
    </ClCompile>
    <ClCompile Include="pngpread.c">
      <Filter>Source Files</Filter>
    </ClCompile>
    <ClCompile Include="pngread.c">
      <Filter>Source Files</Filter>
    </ClCompile>
    <ClCompile Include="pngrio.c">
      <Filter>Source Files</Filter>
    </ClCompile>
    <ClCompile Include="pngrtran.c">
      <Filter>Source Files</Filter>
    </ClCompile>
    <ClCompile Include="pngrutil.c">
      <Filter>Source Files</Filter>
    </ClCompile>
    <ClCompile Include="pngset.c">
      <Filter>Source Files</Filter>
    </ClCompile>
    <ClCompile Include="pngtrans.c">
      <Filter>Source Files</Filter>
    </ClCompile>
    <ClCompile Include="pngvcrd.c">
      <Filter>Source Files</Filter>
    </ClCompile>
    <ClCompile Include="pngwio.c">
      <Filter>Source Files</Filter>
    </ClCompile>
    <ClCompile Include="pngwrite.c">
      <Filter>Source Files</Filter>
    </ClCompile>
    <ClCompile Include="pngwtran.c">
      <Filter>Source Files</Filter>
    </ClCompile>
    <ClCompile Include="pngwutil.c">
      <Filter>Source Files</Filter>
    </ClCompile>
  </ItemGroup>
  <ItemGroup>
    <ClInclude Include="png.h">
      <Filter>Header Files</Filter>
    </ClInclude>
    <ClInclude Include="pngconf.h">
      <Filter>Header Files</Filter>
    </ClInclude>
  </ItemGroup>
</Project>