
Microsoft Visual Studio Solution File, Format Version 11.00
# Visual Studio 2010
Project("{8BC9CEB8-8B4A-11D0-8D11-00A0C91BC942}") = "cximage", "cximage\cximage.vcxproj", "{4D2D993B-BEFD-E462-4020-0C1AFCA01E92}"
EndProject
Project("{8BC9CEB8-8B4A-11D0-8D11-00A0C91BC942}") = "jasper", "jasper\jasper.vcxproj", "{6BB192BB-3948-C226-1313-3126C1A7C7E6}"
EndProject
Project("{8BC9CEB8-8B4A-11D0-8D11-00A0C91BC942}") = "jbig", "jbig\jbig.vcxproj", "{F9DCDD9E-826D-5E64-6F1F-A5390EAD5910}"
EndProject
Project("{8BC9CEB8-8B4A-11D0-8D11-00A0C91BC942}") = "jpeg", "jpeg\Jpeg.vcxproj", "{867B479E-F2CC-4D75-2CAB-47D0238227D1}"
EndProject
Project("{8BC9CEB8-8B4A-11D0-8D11-00A0C91BC942}") = "mng", "mng\mng.vcxproj", "{33AE0395-99A6-C140-13BB-CE34099EEAD9}"
EndProject
Project("{8BC9CEB8-8B4A-11D0-8D11-00A0C91BC942}") = "png", "png\png.vcxproj", "{CCE1E646-6CEC-4C22-FB44-40579107DA79}"
EndProject
Project("{8BC9CEB8-8B4A-11D0-8D11-00A0C91BC942}") = "tiff", "tiff\tiff.vcxproj", "{61DEBB66-11F3-AACA-F24C-2AB15F997F85}"
EndProject
Project("{8BC9CEB8-8B4A-11D0-8D11-00A0C91BC942}") = "zlib", "zlib\zlib.vcxproj", "{A7B1CC66-A873-7867-A3A2-E458F795BF59}"
EndProject
Global
	GlobalSection(SolutionConfigurationPlatforms) = preSolution
		Debug|Win32 = Debug|Win32
		Release|Win32 = Release|Win32
		Template|Win32 = Template|Win32
		Unicode Debug|Win32 = Unicode Debug|Win32
		Unicode Release|Win32 = Unicode Release|Win32
	EndGlobalSection
	GlobalSection(ProjectConfigurationPlatforms) = postSolution
		{4D2D993B-BEFD-E462-4020-0C1AFCA01E92}.Debug|Win32.ActiveCfg = Debug|Win32
		{4D2D993B-BEFD-E462-4020-0C1AFCA01E92}.Debug|Win32.Build.0 = Debug|Win32
		{4D2D993B-BEFD-E462-4020-0C1AFCA01E92}.Release|Win32.ActiveCfg = Release|Win32
		{4D2D993B-BEFD-E462-4020-0C1AFCA01E92}.Release|Win32.Build.0 = Release|Win32
		{4D2D993B-BEFD-E462-4020-0C1AFCA01E92}.Template|Win32.ActiveCfg = Unicode Release|Win32
		{4D2D993B-BEFD-E462-4020-0C1AFCA01E92}.Template|Win32.Build.0 = Unicode Release|Win32
		{4D2D993B-BEFD-E462-4020-0C1AFCA01E92}.Unicode Debug|Win32.ActiveCfg = Unicode Debug|Win32
		{4D2D993B-BEFD-E462-4020-0C1AFCA01E92}.Unicode Debug|Win32.Build.0 = Unicode Debug|Win32
		{4D2D993B-BEFD-E462-4020-0C1AFCA01E92}.Unicode Release|Win32.ActiveCfg = Unicode Release|Win32
		{4D2D993B-BEFD-E462-4020-0C1AFCA01E92}.Unicode Release|Win32.Build.0 = Unicode Release|Win32
		{6BB192BB-3948-C226-1313-3126C1A7C7E6}.Debug|Win32.ActiveCfg = Debug|Win32
		{6BB192BB-3948-C226-1313-3126C1A7C7E6}.Debug|Win32.Build.0 = Debug|Win32
		{6BB192BB-3948-C226-1313-3126C1A7C7E6}.Release|Win32.ActiveCfg = Release|Win32
		{6BB192BB-3948-C226-1313-3126C1A7C7E6}.Release|Win32.Build.0 = Release|Win32
		{6BB192BB-3948-C226-1313-3126C1A7C7E6}.Template|Win32.ActiveCfg = Template|Win32
		{6BB192BB-3948-C226-1313-3126C1A7C7E6}.Template|Win32.Build.0 = Template|Win32
		{6BB192BB-3948-C226-1313-3126C1A7C7E6}.Unicode Debug|Win32.ActiveCfg = Unicode Debug|Win32
		{6BB192BB-3948-C226-1313-3126C1A7C7E6}.Unicode Debug|Win32.Build.0 = Unicode Debug|Win32
		{6BB192BB-3948-C226-1313-3126C1A7C7E6}.Unicode Release|Win32.ActiveCfg = Unicode Release|Win32
		{6BB192BB-3948-C226-1313-3126C1A7C7E6}.Unicode Release|Win32.Build.0 = Unicode Release|Win32
		{F9DCDD9E-826D-5E64-6F1F-A5390EAD5910}.Debug|Win32.ActiveCfg = Debug|Win32
		{F9DCDD9E-826D-5E64-6F1F-A5390EAD5910}.Debug|Win32.Build.0 = Debug|Win32
		{F9DCDD9E-826D-5E64-6F1F-A5390EAD5910}.Release|Win32.ActiveCfg = Release|Win32
		{F9DCDD9E-826D-5E64-6F1F-A5390EAD5910}.Release|Win32.Build.0 = Release|Win32
		{F9DCDD9E-826D-5E64-6F1F-A5390EAD5910}.Template|Win32.ActiveCfg = Template|Win32
		{F9DCDD9E-826D-5E64-6F1F-A5390EAD5910}.Template|Win32.Build.0 = Template|Win32
		{F9DCDD9E-826D-5E64-6F1F-A5390EAD5910}.Unicode Debug|Win32.ActiveCfg = Unicode Debug|Win32
		{F9DCDD9E-826D-5E64-6F1F-A5390EAD5910}.Unicode Debug|Win32.Build.0 = Unicode Debug|Win32
		{F9DCDD9E-826D-5E64-6F1F-A5390EAD5910}.Unicode Release|Win32.ActiveCfg = Unicode Release|Win32
		{F9DCDD9E-826D-5E64-6F1F-A5390EAD5910}.Unicode Release|Win32.Build.0 = Unicode Release|Win32
		{867B479E-F2CC-4D75-2CAB-47D0238227D1}.Debug|Win32.ActiveCfg = Debug|Win32
		{867B479E-F2CC-4D75-2CAB-47D0238227D1}.Debug|Win32.Build.0 = Debug|Win32
		{867B479E-F2CC-4D75-2CAB-47D0238227D1}.Release|Win32.ActiveCfg = Release|Win32
		{867B479E-F2CC-4D75-2CAB-47D0238227D1}.Release|Win32.Build.0 = Release|Win32
		{867B479E-F2CC-4D75-2CAB-47D0238227D1}.Template|Win32.ActiveCfg = Template|Win32
		{867B479E-F2CC-4D75-2CAB-47D0238227D1}.Template|Win32.Build.0 = Template|Win32
		{867B479E-F2CC-4D75-2CAB-47D0238227D1}.Unicode Debug|Win32.ActiveCfg = Unicode Debug|Win32
		{867B479E-F2CC-4D75-2CAB-47D0238227D1}.Unicode Debug|Win32.Build.0 = Unicode Debug|Win32
		{867B479E-F2CC-4D75-2CAB-47D0238227D1}.Unicode Release|Win32.ActiveCfg = Unicode Release|Win32
		{867B479E-F2CC-4D75-2CAB-47D0238227D1}.Unicode Release|Win32.Build.0 = Unicode Release|Win32
		{33AE0395-99A6-C140-13BB-CE34099EEAD9}.Debug|Win32.ActiveCfg = Debug|Win32
		{33AE0395-99A6-C140-13BB-CE34099EEAD9}.Debug|Win32.Build.0 = Debug|Win32
		{33AE0395-99A6-C140-13BB-CE34099EEAD9}.Release|Win32.ActiveCfg = Release|Win32
		{33AE0395-99A6-C140-13BB-CE34099EEAD9}.Release|Win32.Build.0 = Release|Win32
		{33AE0395-99A6-C140-13BB-CE34099EEAD9}.Template|Win32.ActiveCfg = Template|Win32
		{33AE0395-99A6-C140-13BB-CE34099EEAD9}.Template|Win32.Build.0 = Template|Win32
		{33AE0395-99A6-C140-13BB-CE34099EEAD9}.Unicode Debug|Win32.ActiveCfg = Unicode Debug|Win32
		{33AE0395-99A6-C140-13BB-CE34099EEAD9}.Unicode Debug|Win32.Build.0 = Unicode Debug|Win32
		{33AE0395-99A6-C140-13BB-CE34099EEAD9}.Unicode Release|Win32.ActiveCfg = Unicode Release|Win32
		{33AE0395-99A6-C140-13BB-CE34099EEAD9}.Unicode Release|Win32.Build.0 = Unicode Release|Win32
		{CCE1E646-6CEC-4C22-FB44-40579107DA79}.Debug|Win32.ActiveCfg = Debug|Win32
		{CCE1E646-6CEC-4C22-FB44-40579107DA79}.Debug|Win32.Build.0 = Debug|Win32
		{CCE1E646-6CEC-4C22-FB44-40579107DA79}.Release|Win32.ActiveCfg = Release|Win32
		{CCE1E646-6CEC-4C22-FB44-40579107DA79}.Release|Win32.Build.0 = Release|Win32
		{CCE1E646-6CEC-4C22-FB44-40579107DA79}.Template|Win32.ActiveCfg = Template|Win32
		{CCE1E646-6CEC-4C22-FB44-40579107DA79}.Template|Win32.Build.0 = Template|Win32
		{CCE1E646-6CEC-4C22-FB44-40579107DA79}.Unicode Debug|Win32.ActiveCfg = Unicode Debug|Win32
		{CCE1E646-6CEC-4C22-FB44-40579107DA79}.Unicode Debug|Win32.Build.0 = Unicode Debug|Win32
		{CCE1E646-6CEC-4C22-FB44-40579107DA79}.Unicode Release|Win32.ActiveCfg = Unicode Release|Win32
		{CCE1E646-6CEC-4C22-FB44-40579107DA79}.Unicode Release|Win32.Build.0 = Unicode Release|Win32
		{61DEBB66-11F3-AACA-F24C-2AB15F997F85}.Debug|Win32.ActiveCfg = Debug|Win32
		{61DEBB66-11F3-AACA-F24C-2AB15F997F85}.Debug|Win32.Build.0 = Debug|Win32
		{61DEBB66-11F3-AACA-F24C-2AB15F997F85}.Release|Win32.ActiveCfg = Release|Win32
		{61DEBB66-11F3-AACA-F24C-2AB15F997F85}.Release|Win32.Build.0 = Release|Win32
		{61DEBB66-11F3-AACA-F24C-2AB15F997F85}.Template|Win32.ActiveCfg = Template|Win32
		{61DEBB66-11F3-AACA-F24C-2AB15F997F85}.Template|Win32.Build.0 = Template|Win32
		{61DEBB66-11F3-AACA-F24C-2AB15F997F85}.Unicode Debug|Win32.ActiveCfg = Unicode Debug|Win32
		{61DEBB66-11F3-AACA-F24C-2AB15F997F85}.Unicode Debug|Win32.Build.0 = Unicode Debug|Win32
		{61DEBB66-11F3-AACA-F24C-2AB15F997F85}.Unicode Release|Win32.ActiveCfg = Unicode Release|Win32
		{61DEBB66-11F3-AACA-F24C-2AB15F997F85}.Unicode Release|Win32.Build.0 = Unicode Release|Win32
		{A7B1CC66-A873-7867-A3A2-E458F795BF59}.Debug|Win32.ActiveCfg = Debug|Win32
		{A7B1CC66-A873-7867-A3A2-E458F795BF59}.Debug|Win32.Build.0 = Debug|Win32
		{A7B1CC66-A873-7867-A3A2-E458F795BF59}.Release|Win32.ActiveCfg = Release|Win32
		{A7B1CC66-A873-7867-A3A2-E458F795BF59}.Release|Win32.Build.0 = Release|Win32
		{A7B1CC66-A873-7867-A3A2-E458F795BF59}.Template|Win32.ActiveCfg = Template|Win32
		{A7B1CC66-A873-7867-A3A2-E458F795BF59}.Template|Win32.Build.0 = Template|Win32
		{A7B1CC66-A873-7867-A3A2-E458F795BF59}.Unicode Debug|Win32.ActiveCfg = Unicode Debug|Win32
		{A7B1CC66-A873-7867-A3A2-E458F795BF59}.Unicode Debug|Win32.Build.0 = Unicode Debug|Win32
		{A7B1CC66-A873-7867-A3A2-E458F795BF59}.Unicode Release|Win32.ActiveCfg = Unicode Release|Win32
		{A7B1CC66-A873-7867-A3A2-E458F795BF59}.Unicode Release|Win32.Build.0 = Unicode Release|Win32
	EndGlobalSection
	GlobalSection(SolutionProperties) = preSolution
		HideSolutionNode = FALSE
	EndGlobalSection
EndGlobal
